
Microsoft Visual Studio Solution File, Format Version 12.00
# Visual Studio Version 17
VisualStudioVersion = 17.5.002.0
MinimumVisualStudioVersion = 10.0.40219.1
Project("{9A19103F-16F7-4668-BE54-9A1E7A4F7556}") = "findname", "findname.csproj", "{5340999C-6730-493F-B87C-64BA13C312BD}"
EndProject
Global
	GlobalSection(SolutionConfigurationPlatforms) = preSolution
		Debug|Any CPU = Debug|Any CPU
		Release|Any CPU = Release|Any CPU
	EndGlobalSection
	GlobalSection(ProjectConfigurationPlatforms) = postSolution
		{5340999C-6730-493F-B87C-64BA13C312BD}.Debug|Any CPU.ActiveCfg = Debug|Any CPU
		{5340999C-6730-493F-B87C-64BA13C312BD}.Debug|Any CPU.Build.0 = Debug|Any CPU
		{5340999C-6730-493F-B87C-64BA13C312BD}.Release|Any CPU.ActiveCfg = Release|Any CPU
		{5340999C-6730-493F-B87C-64BA13C312BD}.Release|Any CPU.Build.0 = Release|Any CPU
	EndGlobalSection
	GlobalSection(SolutionProperties) = preSolution
		HideSolutionNode = FALSE
	EndGlobalSection
	GlobalSection(ExtensibilityGlobals) = postSolution
		SolutionGuid = {719F03CB-001B-4DFC-9708-B4B16AED796C}
	EndGlobalSection
EndGlobal
